
Microsoft Visual Studio Solution File, Format Version 12.00
# Visual Studio Version 17
VisualStudioVersion = 17.5.33530.505
MinimumVisualStudioVersion = 10.0.40219.1
Project("{FAE04EC0-301F-11D3-BF4B-00C04F79EFBC}") = "LX_webapi", "LX_webapi\LX_webapi.csproj", "{71110F50-D51E-486A-88DF-F446EB1CF1FB}"
EndProject
Global
	GlobalSection(SolutionConfigurationPlatforms) = preSolution
		Debug|Any CPU = Debug|Any CPU
		Release|Any CPU = Release|Any CPU
	EndGlobalSection
	GlobalSection(ProjectConfigurationPlatforms) = postSolution
		{71110F50-D51E-486A-88DF-F446EB1CF1FB}.Debug|Any CPU.ActiveCfg = Debug|Any CPU
		{71110F50-D51E-486A-88DF-F446EB1CF1FB}.Debug|Any CPU.Build.0 = Debug|Any CPU
		{71110F50-D51E-486A-88DF-F446EB1CF1FB}.Release|Any CPU.ActiveCfg = Release|Any CPU
		{71110F50-D51E-486A-88DF-F446EB1CF1FB}.Release|Any CPU.Build.0 = Release|Any CPU
	EndGlobalSection
	GlobalSection(SolutionProperties) = preSolution
		HideSolutionNode = FALSE
	EndGlobalSection
	GlobalSection(ExtensibilityGlobals) = postSolution
		SolutionGuid = {9E822156-B02E-4AFD-90BB-91E891FA8E22}
	EndGlobalSection
EndGlobal
