
Microsoft Visual Studio Solution File, Format Version 12.00
# Visual Studio Version 16
VisualStudioVersion = 16.0.31624.102
MinimumVisualStudioVersion = 10.0.40219.1
Project("{FAE04EC0-301F-11D3-BF4B-00C04F79EFBC}") = "mvctest", "mvctest\mvctest.csproj", "{22667C22-B30F-4561-BD01-06CB47763EA8}"
EndProject
Global
	GlobalSection(SolutionConfigurationPlatforms) = preSolution
		Debug|Any CPU = Debug|Any CPU
		Release|Any CPU = Release|Any CPU
	EndGlobalSection
	GlobalSection(ProjectConfigurationPlatforms) = postSolution
		{22667C22-B30F-4561-BD01-06CB47763EA8}.Debug|Any CPU.ActiveCfg = Debug|Any CPU
		{22667C22-B30F-4561-BD01-06CB47763EA8}.Debug|Any CPU.Build.0 = Debug|Any CPU
		{22667C22-B30F-4561-BD01-06CB47763EA8}.Release|Any CPU.ActiveCfg = Release|Any CPU
		{22667C22-B30F-4561-BD01-06CB47763EA8}.Release|Any CPU.Build.0 = Release|Any CPU
	EndGlobalSection
	GlobalSection(SolutionProperties) = preSolution
		HideSolutionNode = FALSE
	EndGlobalSection
	GlobalSection(ExtensibilityGlobals) = postSolution
		SolutionGuid = {05C8F63F-9030-4C52-A04C-06F1B1E58EA1}
	EndGlobalSection
EndGlobal
