
Microsoft Visual Studio Solution File, Format Version 12.00
# Visual Studio Version 17
VisualStudioVersion = 17.5.33627.172
MinimumVisualStudioVersion = 10.0.40219.1
Project("{FAE04EC0-301F-11D3-BF4B-00C04F79EFBC}") = "CodeFirstDemo", "CodeFirstDemo\CodeFirstDemo.csproj", "{209A7817-2EF9-4B43-9A12-E5DD806620AA}"
EndProject
Global
	GlobalSection(SolutionConfigurationPlatforms) = preSolution
		Debug|Any CPU = Debug|Any CPU
		Release|Any CPU = Release|Any CPU
	EndGlobalSection
	GlobalSection(ProjectConfigurationPlatforms) = postSolution
		{209A7817-2EF9-4B43-9A12-E5DD806620AA}.Debug|Any CPU.ActiveCfg = Debug|Any CPU
		{209A7817-2EF9-4B43-9A12-E5DD806620AA}.Debug|Any CPU.Build.0 = Debug|Any CPU
		{209A7817-2EF9-4B43-9A12-E5DD806620AA}.Release|Any CPU.ActiveCfg = Release|Any CPU
		{209A7817-2EF9-4B43-9A12-E5DD806620AA}.Release|Any CPU.Build.0 = Release|Any CPU
	EndGlobalSection
	GlobalSection(SolutionProperties) = preSolution
		HideSolutionNode = FALSE
	EndGlobalSection
	GlobalSection(ExtensibilityGlobals) = postSolution
		SolutionGuid = {6F3FE0D2-F079-445C-94E4-977D52168E1B}
	EndGlobalSection
EndGlobal
